
Microsoft Visual Studio Solution File, Format Version 12.00
# Visual Studio Version 17
VisualStudioVersion = 17.8.34330.188
MinimumVisualStudioVersion = 10.0.40219.1
Project("{9A19103F-16F7-4668-BE54-9A1E7A4F7556}") = "BusinessLogic", "BusinessLogic\BusinessLogic.csproj", "{3E044668-8F06-4499-98E0-1372758AC736}"
EndProject
Project("{9A19103F-16F7-4668-BE54-9A1E7A4F7556}") = "Models", "Models\Models.csproj", "{439B7340-1A78-4FCB-98CC-67BE21052D0F}"
EndProject
Project("{9A19103F-16F7-4668-BE54-9A1E7A4F7556}") = "Repository", "Repository\Repository.csproj", "{F4F393C5-9480-4C2A-98CD-3EFA94ABEC04}"
EndProject
Project("{9A19103F-16F7-4668-BE54-9A1E7A4F7556}") = "EasyFood.web", "EasyFood.web\EasyFood.web.csproj", "{3FF04EF3-0F07-44F1-93E3-7ED9B623F954}"
EndProject
Project("{9A19103F-16F7-4668-BE54-9A1E7A4F7556}") = "AuthService", "AuthService\AuthService.csproj", "{E1A7A0EF-1FBD-4B43-BB42-49F09BC1A3E3}"
EndProject
Project("{9A19103F-16F7-4668-BE54-9A1E7A4F7556}") = "APIGateway", "APIGateway\APIGateway.csproj", "{715FE147-7CF6-4F66-9BA3-F58D3FD8536A}"
EndProject
Project("{9A19103F-16F7-4668-BE54-9A1E7A4F7556}") = "ProductsService", "ProductsService\ProductsService.csproj", "{D0DA34C9-D61B-4A8D-BEA6-2C8EB1705D9B}"
EndProject
Project("{FAE04EC0-301F-11D3-BF4B-00C04F79EFBC}") = "UserAPI", "UserAPI\UserAPI.csproj", "{DACE898E-3FCA-4ECA-9C3F-8066F73042AF}"
EndProject
Global
	GlobalSection(SolutionConfigurationPlatforms) = preSolution
		Debug|Any CPU = Debug|Any CPU
		Release|Any CPU = Release|Any CPU
	EndGlobalSection
	GlobalSection(ProjectConfigurationPlatforms) = postSolution
		{3E044668-8F06-4499-98E0-1372758AC736}.Debug|Any CPU.ActiveCfg = Debug|Any CPU
		{3E044668-8F06-4499-98E0-1372758AC736}.Debug|Any CPU.Build.0 = Debug|Any CPU
		{3E044668-8F06-4499-98E0-1372758AC736}.Release|Any CPU.ActiveCfg = Release|Any CPU
		{3E044668-8F06-4499-98E0-1372758AC736}.Release|Any CPU.Build.0 = Release|Any CPU
		{439B7340-1A78-4FCB-98CC-67BE21052D0F}.Debug|Any CPU.ActiveCfg = Debug|Any CPU
		{439B7340-1A78-4FCB-98CC-67BE21052D0F}.Debug|Any CPU.Build.0 = Debug|Any CPU
		{439B7340-1A78-4FCB-98CC-67BE21052D0F}.Release|Any CPU.ActiveCfg = Release|Any CPU
		{439B7340-1A78-4FCB-98CC-67BE21052D0F}.Release|Any CPU.Build.0 = Release|Any CPU
		{F4F393C5-9480-4C2A-98CD-3EFA94ABEC04}.Debug|Any CPU.ActiveCfg = Debug|Any CPU
		{F4F393C5-9480-4C2A-98CD-3EFA94ABEC04}.Debug|Any CPU.Build.0 = Debug|Any CPU
		{F4F393C5-9480-4C2A-98CD-3EFA94ABEC04}.Release|Any CPU.ActiveCfg = Release|Any CPU
		{F4F393C5-9480-4C2A-98CD-3EFA94ABEC04}.Release|Any CPU.Build.0 = Release|Any CPU
		{3FF04EF3-0F07-44F1-93E3-7ED9B623F954}.Debug|Any CPU.ActiveCfg = Debug|Any CPU
		{3FF04EF3-0F07-44F1-93E3-7ED9B623F954}.Debug|Any CPU.Build.0 = Debug|Any CPU
		{3FF04EF3-0F07-44F1-93E3-7ED9B623F954}.Release|Any CPU.ActiveCfg = Release|Any CPU
		{3FF04EF3-0F07-44F1-93E3-7ED9B623F954}.Release|Any CPU.Build.0 = Release|Any CPU
		{E1A7A0EF-1FBD-4B43-BB42-49F09BC1A3E3}.Debug|Any CPU.ActiveCfg = Debug|Any CPU
		{E1A7A0EF-1FBD-4B43-BB42-49F09BC1A3E3}.Debug|Any CPU.Build.0 = Debug|Any CPU
		{E1A7A0EF-1FBD-4B43-BB42-49F09BC1A3E3}.Release|Any CPU.ActiveCfg = Release|Any CPU
		{E1A7A0EF-1FBD-4B43-BB42-49F09BC1A3E3}.Release|Any CPU.Build.0 = Release|Any CPU
		{715FE147-7CF6-4F66-9BA3-F58D3FD8536A}.Debug|Any CPU.ActiveCfg = Debug|Any CPU
		{715FE147-7CF6-4F66-9BA3-F58D3FD8536A}.Debug|Any CPU.Build.0 = Debug|Any CPU
		{715FE147-7CF6-4F66-9BA3-F58D3FD8536A}.Release|Any CPU.ActiveCfg = Release|Any CPU
		{715FE147-7CF6-4F66-9BA3-F58D3FD8536A}.Release|Any CPU.Build.0 = Release|Any CPU
		{D0DA34C9-D61B-4A8D-BEA6-2C8EB1705D9B}.Debug|Any CPU.ActiveCfg = Debug|Any CPU
		{D0DA34C9-D61B-4A8D-BEA6-2C8EB1705D9B}.Debug|Any CPU.Build.0 = Debug|Any CPU
		{D0DA34C9-D61B-4A8D-BEA6-2C8EB1705D9B}.Release|Any CPU.ActiveCfg = Release|Any CPU
		{D0DA34C9-D61B-4A8D-BEA6-2C8EB1705D9B}.Release|Any CPU.Build.0 = Release|Any CPU
		{DACE898E-3FCA-4ECA-9C3F-8066F73042AF}.Debug|Any CPU.ActiveCfg = Debug|Any CPU
		{DACE898E-3FCA-4ECA-9C3F-8066F73042AF}.Debug|Any CPU.Build.0 = Debug|Any CPU
		{DACE898E-3FCA-4ECA-9C3F-8066F73042AF}.Release|Any CPU.ActiveCfg = Release|Any CPU
		{DACE898E-3FCA-4ECA-9C3F-8066F73042AF}.Release|Any CPU.Build.0 = Release|Any CPU
	EndGlobalSection
	GlobalSection(SolutionProperties) = preSolution
		HideSolutionNode = FALSE
	EndGlobalSection
	GlobalSection(ExtensibilityGlobals) = postSolution
		SolutionGuid = {8B494A72-31DA-440A-BBC8-2C7CBCCADC58}
	EndGlobalSection
EndGlobal
